
Microsoft Visual Studio Solution File, Format Version 12.00
# Visual Studio Version 17
VisualStudioVersion = 17.5.33516.290
MinimumVisualStudioVersion = 10.0.40219.1
Project("{FAE04EC0-301F-11D3-BF4B-00C04F79EFBC}") = "HindalcoiOS", "HindalcoApp\HindalcoiOS.csproj", "{5FA03988-8B25-4499-945F-BF17CBF55D99}"
EndProject
Project("{FAE04EC0-301F-11D3-BF4B-00C04F79EFBC}") = "SparroRMS", "..\SparrowRMSDLLHindalCo\SparroRMS\SparroRMS.csproj", "{D9FBE7D4-3CE1-483B-A1AF-141C6CDD9A53}"
EndProject
Project("{FAE04EC0-301F-11D3-BF4B-00C04F79EFBC}") = "DynamicSqlCreation", "..\DynamicSqlCreation\DynamicSqlCreation\DynamicSqlCreation.csproj", "{2D598100-700A-459B-B450-A9F2DF641E3B}"
EndProject
Project("{9A19103F-16F7-4668-BE54-9A1E7A4F7556}") = "AuditManagementDAL", "..\..\AuditManagementDAL\AuditManagementDAL\AuditManagementDAL.csproj", "{B5379B5F-A4F1-4C27-A838-9C4B37B2A19A}"
EndProject
Global
	GlobalSection(SolutionConfigurationPlatforms) = preSolution
		Debug|Any CPU = Debug|Any CPU
		Release|Any CPU = Release|Any CPU
	EndGlobalSection
	GlobalSection(ProjectConfigurationPlatforms) = postSolution
		{5FA03988-8B25-4499-945F-BF17CBF55D99}.Debug|Any CPU.ActiveCfg = Debug|Any CPU
		{5FA03988-8B25-4499-945F-BF17CBF55D99}.Debug|Any CPU.Build.0 = Debug|Any CPU
		{5FA03988-8B25-4499-945F-BF17CBF55D99}.Release|Any CPU.ActiveCfg = Release|Any CPU
		{5FA03988-8B25-4499-945F-BF17CBF55D99}.Release|Any CPU.Build.0 = Release|Any CPU
		{D9FBE7D4-3CE1-483B-A1AF-141C6CDD9A53}.Debug|Any CPU.ActiveCfg = Debug|Any CPU
		{D9FBE7D4-3CE1-483B-A1AF-141C6CDD9A53}.Debug|Any CPU.Build.0 = Debug|Any CPU
		{D9FBE7D4-3CE1-483B-A1AF-141C6CDD9A53}.Release|Any CPU.ActiveCfg = Release|Any CPU
		{D9FBE7D4-3CE1-483B-A1AF-141C6CDD9A53}.Release|Any CPU.Build.0 = Release|Any CPU
		{2D598100-700A-459B-B450-A9F2DF641E3B}.Debug|Any CPU.ActiveCfg = Debug|Any CPU
		{2D598100-700A-459B-B450-A9F2DF641E3B}.Debug|Any CPU.Build.0 = Debug|Any CPU
		{2D598100-700A-459B-B450-A9F2DF641E3B}.Release|Any CPU.ActiveCfg = Release|Any CPU
		{2D598100-700A-459B-B450-A9F2DF641E3B}.Release|Any CPU.Build.0 = Release|Any CPU
		{B5379B5F-A4F1-4C27-A838-9C4B37B2A19A}.Debug|Any CPU.ActiveCfg = Debug|Any CPU
		{B5379B5F-A4F1-4C27-A838-9C4B37B2A19A}.Debug|Any CPU.Build.0 = Debug|Any CPU
		{B5379B5F-A4F1-4C27-A838-9C4B37B2A19A}.Release|Any CPU.ActiveCfg = Release|Any CPU
		{B5379B5F-A4F1-4C27-A838-9C4B37B2A19A}.Release|Any CPU.Build.0 = Release|Any CPU
	EndGlobalSection
	GlobalSection(SolutionProperties) = preSolution
		HideSolutionNode = FALSE
	EndGlobalSection
	GlobalSection(ExtensibilityGlobals) = postSolution
		SolutionGuid = {361FDB90-531D-4F7B-91AB-00A15B144622}
	EndGlobalSection
EndGlobal
