
Microsoft Visual Studio Solution File, Format Version 12.00
# Visual Studio Version 16
VisualStudioVersion = 16.0.31205.134
MinimumVisualStudioVersion = 10.0.40219.1
Project("{FAE04EC0-301F-11D3-BF4B-00C04F79EFBC}") = "SparroRMS", "SparroRMS\SparroRMS.csproj", "{D9FBE7D4-3CE1-483B-A1AF-141C6CDD9A53}"
EndProject
Global
	GlobalSection(SolutionConfigurationPlatforms) = preSolution
		Debug|Any CPU = Debug|Any CPU
		Release|Any CPU = Release|Any CPU
	EndGlobalSection
	GlobalSection(ProjectConfigurationPlatforms) = postSolution
		{D9FBE7D4-3CE1-483B-A1AF-141C6CDD9A53}.Debug|Any CPU.ActiveCfg = Debug|Any CPU
		{D9FBE7D4-3CE1-483B-A1AF-141C6CDD9A53}.Debug|Any CPU.Build.0 = Debug|Any CPU
		{D9FBE7D4-3CE1-483B-A1AF-141C6CDD9A53}.Release|Any CPU.ActiveCfg = Release|Any CPU
		{D9FBE7D4-3CE1-483B-A1AF-141C6CDD9A53}.Release|Any CPU.Build.0 = Release|Any CPU
	EndGlobalSection
	GlobalSection(SolutionProperties) = preSolution
		HideSolutionNode = FALSE
	EndGlobalSection
	GlobalSection(ExtensibilityGlobals) = postSolution
		SolutionGuid = {DCD47EC8-6378-4FBC-986F-1C8F9458F49D}
	EndGlobalSection
EndGlobal
